
Microsoft Visual Studio Solution File, Format Version 12.00
# Visual Studio Version 16
VisualStudioVersion = 16.0.31105.61
MinimumVisualStudioVersion = 10.0.40219.1
Project("{FAE04EC0-301F-11D3-BF4B-00C04F79EFBC}") = "Trip Log Application", "Trip Log Application.csproj", "{397EB0AC-BF53-46B2-9267-3D07E4FE2B9D}"
EndProject
Global
	GlobalSection(SolutionConfigurationPlatforms) = preSolution
		Debug|Any CPU = Debug|Any CPU
		Release|Any CPU = Release|Any CPU
	EndGlobalSection
	GlobalSection(ProjectConfigurationPlatforms) = postSolution
		{397EB0AC-BF53-46B2-9267-3D07E4FE2B9D}.Debug|Any CPU.ActiveCfg = Debug|Any CPU
		{397EB0AC-BF53-46B2-9267-3D07E4FE2B9D}.Debug|Any CPU.Build.0 = Debug|Any CPU
		{397EB0AC-BF53-46B2-9267-3D07E4FE2B9D}.Release|Any CPU.ActiveCfg = Release|Any CPU
		{397EB0AC-BF53-46B2-9267-3D07E4FE2B9D}.Release|Any CPU.Build.0 = Release|Any CPU
	EndGlobalSection
	GlobalSection(SolutionProperties) = preSolution
		HideSolutionNode = FALSE
	EndGlobalSection
	GlobalSection(ExtensibilityGlobals) = postSolution
		SolutionGuid = {5444ADF3-38CD-4949-9298-F8F73C93DF20}
	EndGlobalSection
EndGlobal
